
Microsoft Visual Studio Solution File, Format Version 12.00
# Visual Studio Version 16
VisualStudioVersion = 16.0.31702.278
MinimumVisualStudioVersion = 10.0.40219.1
Project("{9A19103F-16F7-4668-BE54-9A1E7A4F7556}") = "Uppgifter_ServerBasedBlazor", "Uppgifter_ServerBasedBlazor\Uppgifter_ServerBasedBlazor.csproj", "{4539D431-0E6B-46E7-A6F2-C6BCAC567BCD}"
EndProject
Global
	GlobalSection(SolutionConfigurationPlatforms) = preSolution
		Debug|Any CPU = Debug|Any CPU
		Release|Any CPU = Release|Any CPU
	EndGlobalSection
	GlobalSection(ProjectConfigurationPlatforms) = postSolution
		{4539D431-0E6B-46E7-A6F2-C6BCAC567BCD}.Debug|Any CPU.ActiveCfg = Debug|Any CPU
		{4539D431-0E6B-46E7-A6F2-C6BCAC567BCD}.Debug|Any CPU.Build.0 = Debug|Any CPU
		{4539D431-0E6B-46E7-A6F2-C6BCAC567BCD}.Release|Any CPU.ActiveCfg = Release|Any CPU
		{4539D431-0E6B-46E7-A6F2-C6BCAC567BCD}.Release|Any CPU.Build.0 = Release|Any CPU
	EndGlobalSection
	GlobalSection(SolutionProperties) = preSolution
		HideSolutionNode = FALSE
	EndGlobalSection
	GlobalSection(ExtensibilityGlobals) = postSolution
		SolutionGuid = {C1AC5B26-4A21-4C95-BE25-5F1FD13595C9}
	EndGlobalSection
EndGlobal
